// !$*UTF8*$!
{
	archiveVersion = 1;
	classes = {
	};
	objectVersion = 50;
	objects = {

/* Begin PBXBuildFile section */
		C50FC3CB22E31D2600AF8A74 /* AppDelegate.m in Sources */ = {isa = PBXBuildFile; fileRef = C50FC3CA22E31D2600AF8A74 /* AppDelegate.m */; };
		C50FC3CE22E31D2600AF8A74 /* ViewController.m in Sources */ = {isa = PBXBuildFile; fileRef = C50FC3CD22E31D2600AF8A74 /* ViewController.m */; };
		C50FC3D122E31D2600AF8A74 /* Main.storyboard in Resources */ = {isa = PBXBuildFile; fileRef = C50FC3CF22E31D2600AF8A74 /* Main.storyboard */; };
		C50FC3D322E31D2700AF8A74 /* Assets.xcassets in Resources */ = {isa = PBXBuildFile; fileRef = C50FC3D222E31D2700AF8A74 /* Assets.xcassets */; };
		C50FC3D622E31D2700AF8A74 /* LaunchScreen.storyboard in Resources */ = {isa = PBXBuildFile; fileRef = C50FC3D422E31D2700AF8A74 /* LaunchScreen.storyboard */; };
		C50FC3D922E31D2700AF8A74 /* main.m in Sources */ = {isa = PBXBuildFile; fileRef = C50FC3D822E31D2700AF8A74 /* main.m */; };
/* End PBXBuildFile section */

/* Begin PBXFileReference section */
		C50FC3C622E31D2600AF8A74 /* MVVM-HOOK2.app */ = {isa = PBXFileReference; explicitFileType = wrapper.application; includeInIndex = 0; path = "MVVM-HOOK2.app"; sourceTree = BUILT_PRODUCTS_DIR; };
		C50FC3C922E31D2600AF8A74 /* AppDelegate.h */ = {isa = PBXFileReference; lastKnownFileType = sourcecode.c.h; path = AppDelegate.h; sourceTree = "<group>"; };
		C50FC3CA22E31D2600AF8A74 /* AppDelegate.m */ = {isa = PBXFileReference; lastKnownFileType = sourcecode.c.objc; path = AppDelegate.m; sourceTree = "<group>"; };
		C50FC3CC22E31D2600AF8A74 /* ViewController.h */ = {isa = PBXFileReference; lastKnownFileType = sourcecode.c.h; path = ViewController.h; sourceTree = "<group>"; };
		C50FC3CD22E31D2600AF8A74 /* ViewController.m */ = {isa = PBXFileReference; lastKnownFileType = sourcecode.c.objc; path = ViewController.m; sourceTree = "<group>"; };
		C50FC3D022E31D2600AF8A74 /* Base */ = {isa = PBXFileReference; lastKnownFileType = file.storyboard; name = Base; path = Base.lproj/Main.storyboard; sourceTree = "<group>"; };
		C50FC3D222E31D2700AF8A74 /* Assets.xcassets */ = {isa = PBXFileReference; lastKnownFileType = folder.assetcatalog; path = Assets.xcassets; sourceTree = "<group>"; };
		C50FC3D522E31D2700AF8A74 /* Base */ = {isa = PBXFileReference; lastKnownFileType = file.storyboard; name = Base; path = Base.lproj/LaunchScreen.storyboard; sourceTree = "<group>"; };
		C50FC3D722E31D2700AF8A74 /* Info.plist */ = {isa = PBXFileReference; lastKnownFileType = text.plist.xml; path = Info.plist; sourceTree = "<group>"; };
		C50FC3D822E31D2700AF8A74 /* main.m */ = {isa = PBXFileReference; lastKnownFileType = sourcecode.c.objc; path = main.m; sourceTree = "<group>"; };
/* End PBXFileReference section */

/* Begin PBXFrameworksBuildPhase section */
		C50FC3C322E31D2600AF8A74 /* Frameworks */ = {
			isa = PBXFrameworksBuildPhase;
			buildActionMask = 2147483647;
			files = (
			);
			runOnlyForDeploymentPostprocessing = 0;
		};
/* End PBXFrameworksBuildPhase section */

/* Begin PBXGroup section */
		C50FC3BD22E31D2600AF8A74 = {
			isa = PBXGroup;
			children = (
				C50FC3C822E31D2600AF8A74 /* MVVM-HOOK2 */,
				C50FC3C722E31D2600AF8A74 /* Products */,
			);
			sourceTree = "<group>";
		};
		C50FC3C722E31D2600AF8A74 /* Products */ = {
			isa = PBXGroup;
			children = (
				C50FC3C622E31D2600AF8A74 /* MVVM-HOOK2.app */,
			);
			name = Products;
			sourceTree = "<group>";
		};
		C50FC3C822E31D2600AF8A74 /* MVVM-HOOK2 */ = {
			isa = PBXGroup;
			children = (
				C50FC3C922E31D2600AF8A74 /* AppDelegate.h */,
				C50FC3CA22E31D2600AF8A74 /* AppDelegate.m */,
				C50FC3CC22E31D2600AF8A74 /* ViewController.h */,
				C50FC3CD22E31D2600AF8A74 /* ViewController.m */,
				C50FC3CF22E31D2600AF8A74 /* Main.storyboard */,
				C50FC3D222E31D2700AF8A74 /* Assets.xcassets */,
				C50FC3D422E31D2700AF8A74 /* LaunchScreen.storyboard */,
				C50FC3D722E31D2700AF8A74 /* Info.plist */,
				C50FC3D822E31D2700AF8A74 /* main.m */,
			);
			path = "MVVM-HOOK2";
			sourceTree = "<group>";
		};
/* End PBXGroup section */

/* Begin PBXNativeTarget section */
		C50FC3C522E31D2600AF8A74 /* MVVM-HOOK2 */ = {
			isa = PBXNativeTarget;
			buildConfigurationList = C50FC3DC22E31D2700AF8A74 /* Build configuration list for PBXNativeTarget "MVVM-HOOK2" */;
			buildPhases = (
				C50FC3C222E31D2600AF8A74 /* Sources */,
				C50FC3C322E31D2600AF8A74 /* Frameworks */,
				C50FC3C422E31D2600AF8A74 /* Resources */,
			);
			buildRules = (
			);
			dependencies = (
			);
			name = "MVVM-HOOK2";
			productName = "MVVM-HOOK2";
			productReference = C50FC3C622E31D2600AF8A74 /* MVVM-HOOK2.app */;
			productType = "com.apple.product-type.application";
		};
/* End PBXNativeTarget section */

/* Begin PBXProject section */
		C50FC3BE22E31D2600AF8A74 /* Project object */ = {
			isa = PBXProject;
			attributes = {
				LastUpgradeCheck = 1020;
				ORGANIZATIONNAME = WXD;
				TargetAttributes = {
					C50FC3C522E31D2600AF8A74 = {
						CreatedOnToolsVersion = 10.2.1;
					};
				};
			};
			buildConfigurationList = C50FC3C122E31D2600AF8A74 /* Build configuration list for PBXProject "MVVM-HOOK2" */;
			compatibilityVersion = "Xcode 9.3";
			developmentRegion = en;
			hasScannedForEncodings = 0;
			knownRegions = (
				en,
				Base,
			);
			mainGroup = C50FC3BD22E31D2600AF8A74;
			productRefGroup = C50FC3C722E31D2600AF8A74 /* Products */;
			projectDirPath = "";
			projectRoot = "";
			targets = (
				C50FC3C522E31D2600AF8A74 /* MVVM-HOOK2 */,
			);
		};
/* End PBXProject section */

/* Begin PBXResourcesBuildPhase section */
		C50FC3C422E31D2600AF8A74 /* Resources */ = {
			isa = PBXResourcesBuildPhase;
			buildActionMask = 2147483647;
			files = (
				C50FC3D622E31D2700AF8A74 /* LaunchScreen.storyboard in Resources */,
				C50FC3D322E31D2700AF8A74 /* Assets.xcassets in Resources */,
				C50FC3D122E31D2600AF8A74 /* Main.storyboard in Resources */,
			);
			runOnlyForDeploymentPostprocessing = 0;
		};
/* End PBXResourcesBuildPhase section */

/* Begin PBXSourcesBuildPhase section */
		C50FC3C222E31D2600AF8A74 /* Sources */ = {
			isa = PBXSourcesBuildPhase;
			buildActionMask = 2147483647;
			files = (
				C50FC3CE22E31D2600AF8A74 /* ViewController.m in Sources */,
				C50FC3D922E31D2700AF8A74 /* main.m in Sources */,
				C50FC3CB22E31D2600AF8A74 /* AppDelegate.m in Sources */,
			);
			runOnlyForDeploymentPostprocessing = 0;
		};
/* End PBXSourcesBuildPhase section */

/* Begin PBXVariantGroup section */
		C50FC3CF22E31D2600AF8A74 /* Main.storyboard */ = {
			isa = PBXVariantGroup;
			children = (
				C50FC3D022E31D2600AF8A74 /* Base */,
			);
			name = Main.storyboard;
			sourceTree = "<group>";
		};
		C50FC3D422E31D2700AF8A74 /* LaunchScreen.storyboard */ = {
			isa = PBXVariantGroup;
			children = (
				C50FC3D522E31D2700AF8A74 /* Base */,
			);
			name = LaunchScreen.storyboard;
			sourceTree = "<group>";
		};
/* End PBXVariantGroup section */

/* Begin XCBuildConfiguration section */
		C50FC3DA22E31D2700AF8A74 /* Debug */ = {
			isa = XCBuildConfiguration;
			buildSettings = {
				ALWAYS_SEARCH_USER_PATHS = NO;
				CLANG_ANALYZER_NONNULL = YES;
				CLANG_ANALYZER_NUMBER_OBJECT_CONVERSION = YES_AGGRESSIVE;
				CLANG_CXX_LANGUAGE_STANDARD = "gnu++14";
				CLANG_CXX_LIBRARY = "libc++";
				CLANG_ENABLE_MODULES = YES;
				CLANG_ENABLE_OBJC_ARC = YES;
				CLANG_ENABLE_OBJC_WEAK = YES;
				CLANG_WARN_BLOCK_CAPTURE_AUTORELEASING = YES;
				CLANG_WARN_BOOL_CONVERSION = YES;
				CLANG_WARN_COMMA = YES;
				CLANG_WARN_CONSTANT_CONVERSION = YES;
				CLANG_WARN_DEPRECATED_OBJC_IMPLEMENTATIONS = YES;
				CLANG_WARN_DIRECT_OBJC_ISA_USAGE = YES_ERROR;
				CLANG_WARN_DOCUMENTATION_COMMENTS = YES;
				CLANG_WARN_EMPTY_BODY = YES;
				CLANG_WARN_ENUM_CONVERSION = YES;
				CLANG_WARN_INFINITE_RECURSION = YES;
				CLANG_WARN_INT_CONVERSION = YES;
				CLANG_WARN_NON_LITERAL_NULL_CONVERSION = YES;
				CLANG_WARN_OBJC_IMPLICIT_RETAIN_SELF = YES;
				CLANG_WARN_OBJC_LITERAL_CONVERSION = YES;
				CLANG_WARN_OBJC_ROOT_CLASS = YES_ERROR;
				CLANG_WARN_RANGE_LOOP_ANALYSIS = YES;
				CLANG_WARN_STRICT_PROTOTYPES = YES;
				CLANG_WARN_SUSPICIOUS_MOVE = YES;
				CLANG_WARN_UNGUARDED_AVAILABILITY = YES_AGGRESSIVE;
				CLANG_WARN_UNREACHABLE_CODE = YES;
				CLANG_WARN__DUPLICATE_METHOD_MATCH = YES;
				CODE_SIGN_IDENTITY = "iPhone Developer";
				COPY_PHASE_STRIP = NO;
				DEBUG_INFORMATION_FORMAT = dwarf;
				ENABLE_STRICT_OBJC_MSGSEND = YES;
				ENABLE_TESTABILITY = YES;
				GCC_C_LANGUAGE_STANDARD = gnu11;
				GCC_DYNAMIC_NO_PIC = NO;
				GCC_NO_COMMON_BLOCKS = YES;
				GCC_OPTIMIZATION_LEVEL = 0;
				GCC_PREPROCESSOR_DEFINITIONS = (
					"DEBUG=1",
					"$(inherited)",
				);
				GCC_WARN_64_TO_32_BIT_CONVERSION = YES;
				GCC_WARN_ABOUT_RETURN_TYPE = YES_ERROR;
				GCC_WARN_UNDECLARED_SELECTOR = YES;
				GCC_WARN_UNINITIALIZED_AUTOS = YES_AGGRESSIVE;
				GCC_WARN_UNUSED_FUNCTION = YES;
				GCC_WARN_UNUSED_VARIABLE = YES;
				IPHONEOS_DEPLOYMENT_TARGET = 12.2;
				MTL_ENABLE_DEBUG_INFO = INCLUDE_SOURCE;
				MTL_FAST_MATH = YES;
				ONLY_ACTIVE_ARCH = YES;
				SDKROOT = iphoneos;
			};
			name = Debug;
		};
		C50FC3DB22E31D2700AF8A74 /* Release */ = {
			isa = XCBuildConfiguration;
			buildSettings = {
				ALWAYS_SEARCH_USER_PATHS = NO;
				CLANG_ANALYZER_NONNULL = YES;
				CLANG_ANALYZER_NUMBER_OBJECT_CONVERSION = YES_AGGRESSIVE;
				CLANG_CXX_LANGUAGE_STANDARD = "gnu++14";
				CLANG_CXX_LIBRARY = "libc++";
				CLANG_ENABLE_MODULES = YES;
				CLANG_ENABLE_OBJC_ARC = YES;
				CLANG_ENABLE_OBJC_WEAK = YES;
				CLANG_WARN_BLOCK_CAPTURE_AUTORELEASING = YES;
				CLANG_WARN_BOOL_CONVERSION = YES;
				CLANG_WARN_COMMA = YES;
				CLANG_WARN_CONSTANT_CONVERSION = YES;
				CLANG_WARN_DEPRECATED_OBJC_IMPLEMENTATIONS = YES;
				CLANG_WARN_DIRECT_OBJC_ISA_USAGE = YES_ERROR;
				CLANG_WARN_DOCUMENTATION_COMMENTS = YES;
				CLANG_WARN_EMPTY_BODY = YES;
				CLANG_WARN_ENUM_CONVERSION = YES;
				CLANG_WARN_INFINITE_RECURSION = YES;
				CLANG_WARN_INT_CONVERSION = YES;
				CLANG_WARN_NON_LITERAL_NULL_CONVERSION = YES;
				CLANG_WARN_OBJC_IMPLICIT_RETAIN_SELF = YES;
				CLANG_WARN_OBJC_LITERAL_CONVERSION = YES;
				CLANG_WARN_OBJC_ROOT_CLASS = YES_ERROR;
				CLANG_WARN_RANGE_LOOP_ANALYSIS = YES;
				CLANG_WARN_STRICT_PROTOTYPES = YES;
				CLANG_WARN_SUSPICIOUS_MOVE = YES;
				CLANG_WARN_UNGUARDED_AVAILABILITY = YES_AGGRESSIVE;
				CLANG_WARN_UNREACHABLE_CODE = YES;
				CLANG_WARN__DUPLICATE_METHOD_MATCH = YES;
				CODE_SIGN_IDENTITY = "iPhone Developer";
				COPY_PHASE_STRIP = NO;
				DEBUG_INFORMATION_FORMAT = "dwarf-with-dsym";
				ENABLE_NS_ASSERTIONS = NO;
				ENABLE_STRICT_OBJC_MSGSEND = YES;
				GCC_C_LANGUAGE_STANDARD = gnu11;
				GCC_NO_COMMON_BLOCKS = YES;
				GCC_WARN_64_TO_32_BIT_CONVERSION = YES;
				GCC_WARN_ABOUT_RETURN_TYPE = YES_ERROR;
				GCC_WARN_UNDECLARED_SELECTOR = YES;
				GCC_WARN_UNINITIALIZED_AUTOS = YES_AGGRESSIVE;
				GCC_WARN_UNUSED_FUNCTION = YES;
				GCC_WARN_UNUSED_VARIABLE = YES;
				IPHONEOS_DEPLOYMENT_TARGET = 12.2;
				MTL_ENABLE_DEBUG_INFO = NO;
				MTL_FAST_MATH = YES;
				SDKROOT = iphoneos;
				VALIDATE_PRODUCT = YES;
			};
			name = Release;
		};
		C50FC3DD22E31D2700AF8A74 /* Debug */ = {
			isa = XCBuildConfiguration;
			buildSettings = {
				ASSETCATALOG_COMPILER_APPICON_NAME = AppIcon;
				CODE_SIGN_STYLE = Automatic;
				INFOPLIST_FILE = "MVVM-HOOK2/Info.plist";
				LD_RUNPATH_SEARCH_PATHS = (
					"$(inherited)",
					"@executable_path/Frameworks",
				);
				PRODUCT_BUNDLE_IDENTIFIER = "WXD.MVVM-HOOK2";
				PRODUCT_NAME = "$(TARGET_NAME)";
				TARGETED_DEVICE_FAMILY = "1,2";
			};
			name = Debug;
		};
		C50FC3DE22E31D2700AF8A74 /* Release */ = {
			isa = XCBuildConfiguration;
			buildSettings = {
				ASSETCATALOG_COMPILER_APPICON_NAME = AppIcon;
				CODE_SIGN_STYLE = Automatic;
				INFOPLIST_FILE = "MVVM-HOOK2/Info.plist";
				LD_RUNPATH_SEARCH_PATHS = (
					"$(inherited)",
					"@executable_path/Frameworks",
				);
				PRODUCT_BUNDLE_IDENTIFIER = "WXD.MVVM-HOOK2";
				PRODUCT_NAME = "$(TARGET_NAME)";
				TARGETED_DEVICE_FAMILY = "1,2";
			};
			name = Release;
		};
/* End XCBuildConfiguration section */

/* Begin XCConfigurationList section */
		C50FC3C122E31D2600AF8A74 /* Build configuration list for PBXProject "MVVM-HOOK2" */ = {
			isa = XCConfigurationList;
			buildConfigurations = (
				C50FC3DA22E31D2700AF8A74 /* Debug */,
				C50FC3DB22E31D2700AF8A74 /* Release */,
			);
			defaultConfigurationIsVisible = 0;
			defaultConfigurationName = Release;
		};
		C50FC3DC22E31D2700AF8A74 /* Build configuration list for PBXNativeTarget "MVVM-HOOK2" */ = {
			isa = XCConfigurationList;
			buildConfigurations = (
				C50FC3DD22E31D2700AF8A74 /* Debug */,
				C50FC3DE22E31D2700AF8A74 /* Release */,
			);
			defaultConfigurationIsVisible = 0;
			defaultConfigurationName = Release;
		};
/* End XCConfigurationList section */
	};
	rootObject = C50FC3BE22E31D2600AF8A74 /* Project object */;
}
